{
  "name": "field-receipt",
  "version": "0.1.0",
  "lockfileVersion": 3,
  "requires": true,
  "packages": {
    "": {
      "name": "field-receipt",
      "version": "0.1.0",
      "dependencies": {
        "@mlc-ai/web-llm": "^0.2.79",
        "zod": "^3.23.8"
      },
      "devDependencies": {
        "@types/node": "^22.20.5",
        "typescript": "^5.6.0",
        "vite": "^5.4.0",
        "vitest": "^2.1.0"
      }
    },
    "node_modules/@esbuild/aix-ppc64": {
      "version": "0.21.5",
      "resolved": "https://registry.npmjs.org/@esbuild/aix-ppc64/-/aix-ppc64-0.21.5.tgz",
      "integrity": "sha512-1SDgH6ZSPTlggy1yI6+Dbkiz8xzpHJEVAlF/AM1tHPLsf5STom9rwtjE4hKAF20FfXXNTFqEYXyJNWh1GiZedQ==",
      "cpu": [
        "ppc64"
      ],
      "dev": true,
      "license": "MIT",
      "optional": true,
      "os": [
        "aix"
      ],
      "engines": {
        "node": ">=12"
      }
    },
    "node_modules/@esbuild/android-arm": {
      "version": "0.21.5",
      "resolved": "https://registry.npmjs.org/@esbuild/android-arm/-/android-arm-0.21.5.tgz",
      "integrity": "sha512-vCPvzSjpPHEi1siZdlvAlsPxXl7WbOVUBBAowWug4rJHb68Ox8KualB+1ocNvT5fjv6wpkX6o/iEpbDrf68zcg==",
      "cpu": [
        "arm"
      ],
      "dev": true,
      "license": "MIT",
      "optional": true,
      "os": [
        "android"
      ],
      "engines": {
        "node": ">=12"
      }
    },
    "node_modules/@esbuild/android-arm64": {
      "version": "0.21.5",
      "resolved": "https://registry.npmjs.org/@esbuild/android-arm64/-/android-arm64-0.21.5.tgz",
      "integrity": "sha512-c0uX9VAUBQ7dTDCjq+wdyGLowMdtR/GoC2U5IYk/7D1H1JYC0qseD7+11iMP2mRLN9RcCMRcjC4YMclCzGwS/A==",
      "cpu": [
        "arm64"
      ],
      "dev": true,
      "license": "MIT",
      "optional": true,
      "os": [
        "android"
      ],
      "engines": {
        "node": ">=12"
      }
    },
    "node_modules/@esbuild/android-x64": {
      "version": "0.21.5",
      "resolved": "https://registry.npmjs.org/@esbuild/android-x64/-/android-x64-0.21.5.tgz",
      "integrity": "sha512-D7aPRUUNHRBwHxzxRvp856rjUHRFW1SdQATKXH2hqA0kAZb1hKmi02OpYRacl0TxIGz/ZmXWlbZgjwWYaCakTA==",
      "cpu": [
        "x64"
      ],
      "dev": true,
      "license": "MIT",
      "optional": true,
      "os": [
        "android"
      ],
      "engines": {
        "node": ">=12"
      }
    },
    "node_modules/@esbuild/darwin-arm64": {
      "version": "0.21.5",
      "resolved": "https://registry.npmjs.org/@esbuild/darwin-arm64/-/darwin-arm64-0.21.5.tgz",
      "integrity": "sha512-DwqXqZyuk5AiWWf3UfLiRDJ5EDd49zg6O9wclZ7kUMv2WRFr4HKjXp/5t8JZ11QbQfUS6/cRCKGwYhtNAY88kQ==",
      "cpu": [
        "arm64"
      ],
      "dev": true,
      "license": "MIT",
      "optional": true,
      "os": [
        "darwin"
      ],
      "engines": {
        "node": ">=12"
      }
    },
    "node_modules/@esbuild/darwin-x64": {
      "version": "0.21.5",
      "resolved": "https://registry.npmjs.org/@esbuild/darwin-x64/-/darwin-x64-0.21.5.tgz",
      "integrity": "sha512-se/JjF8NlmKVG4kNIuyWMV/22ZaerB+qaSi5MdrXtd6R08kvs2qCN4C09miupktDitvh8jRFflwGFBQcxZRjbw==",
      "cpu": [
        "x64"
      ],
      "dev": true,
      "license": "MIT",
      "optional": true,
      "os": [
        "darwin"
      ],
      "engines": {
        "node": ">=12"
      }
    },
    "node_modules/@esbuild/freebsd-arm64": {
      "version": "0.21.5",
      "resolved": "https://registry.npmjs.org/@esbuild/freebsd-arm64/-/freebsd-arm64-0.21.5.tgz",
      "integrity": "sha512-5JcRxxRDUJLX8JXp/wcBCy3pENnCgBR9bN6JsY4OmhfUtIHe3ZW0mawA7+RDAcMLrMIZaf03NlQiX9DGyB8h4g==",
      "cpu": [
        "arm64"
      ],
      "dev": true,
      "license": "MIT",
      "optional": true,
      "os": [
        "freebsd"
      ],
      "engines": {
        "node": ">=12"
      }
    },
    "node_modules/@esbuild/freebsd-x64": {
      "version": "0.21.5",
      "resolved": "https://registry.npmjs.org/@esbuild/freebsd-x64/-/freebsd-x64-0.21.5.tgz",
      "integrity": "sha512-J95kNBj1zkbMXtHVH29bBriQygMXqoVQOQYA+ISs0/2l3T9/kj42ow2mpqerRBxDJnmkUDCaQT/dfNXWX/ZZCQ==",
      "cpu": [
        "x64"
      ],
      "dev": true,
      "license": "MIT",
      "optional": true,
      "os": [
        "freebsd"
      ],
      "engines": {
        "node": ">=12"
      }
    },
    "node_modules/@esbuild/linux-arm": {
      "version": "0.21.5",
      "resolved": "https://registry.npmjs.org/@esbuild/linux-arm/-/linux-arm-0.21.5.tgz",
      "integrity": "sha512-bPb5AHZtbeNGjCKVZ9UGqGwo8EUu4cLq68E95A53KlxAPRmUyYv2D6F0uUI65XisGOL1hBP5mTronbgo+0bFcA==",
      "cpu": [
        "arm"
      ],
      "dev": true,
      "license": "MIT",
      "optional": true,
      "os": [
        "linux"
      ],
      "engines": {
        "node": ">=12"
      }
    },
    "node_modules/@esbuild/linux-arm64": {
      "version": "0.21.5",
      "resolved": "https://registry.npmjs.org/@esbuild/linux-arm64/-/linux-arm64-0.21.5.tgz",
      "integrity": "sha512-ibKvmyYzKsBeX8d8I7MH/TMfWDXBF3db4qM6sy+7re0YXya+K1cem3on9XgdT2EQGMu4hQyZhan7TeQ8XkGp4Q==",
      "cpu": [
        "arm64"
      ],
      "dev": true,
      "license": "MIT",
      "optional": true,
      "os": [
        "linux"
      ],
      "engines": {
        "node": ">=12"
      }
    },
    "node_modules/@esbuild/linux-ia32": {
      "version": "0.21.5",
      "resolved": "https://registry.npmjs.org/@esbuild/linux-ia32/-/linux-ia32-0.21.5.tgz",
      "integrity": "sha512-YvjXDqLRqPDl2dvRODYmmhz4rPeVKYvppfGYKSNGdyZkA01046pLWyRKKI3ax8fbJoK5QbxblURkwK/MWY18Tg==",
      "cpu": [
        "ia32"
      ],
      "dev": true,
      "license": "MIT",
      "optional": true,
      "os": [
        "linux"
      ],
      "engines": {
        "node": ">=12"
      }
    },
    "node_modules/@esbuild/linux-loong64": {
      "version": "0.21.5",
      "resolved": "https://registry.npmjs.org/@esbuild/linux-loong64/-/linux-loong64-0.21.5.tgz",
      "integrity": "sha512-uHf1BmMG8qEvzdrzAqg2SIG/02+4/DHB6a9Kbya0XDvwDEKCoC8ZRWI5JJvNdUjtciBGFQ5PuBlpEOXQj+JQSg==",
      "cpu": [
        "loong64"
      ],
      "dev": true,
      "license": "MIT",
      "optional": true,
      "os": [
        "linux"
      ],
      "engines": {
        "node": ">=12"
      }
    },
    "node_modules/@esbuild/linux-mips64el": {
      "version": "0.21.5",
      "resolved": "https://registry.npmjs.org/@esbuild/linux-mips64el/-/linux-mips64el-0.21.5.tgz",
      "integrity": "sha512-IajOmO+KJK23bj52dFSNCMsz1QP1DqM6cwLUv3W1QwyxkyIWecfafnI555gvSGqEKwjMXVLokcV5ygHW5b3Jbg==",
      "cpu": [
        "mips64el"
      ],
      "dev": true,
      "license": "MIT",
      "optional": true,
      "os": [
        "linux"
      ],
      "engines": {
        "node": ">=12"
      }
    },
    "node_modules/@esbuild/linux-ppc64": {
      "version": "0.21.5",
      "resolved": "https://registry.npmjs.org/@esbuild/linux-ppc64/-/linux-ppc64-0.21.5.tgz",
      "integrity": "sha512-1hHV/Z4OEfMwpLO8rp7CvlhBDnjsC3CttJXIhBi+5Aj5r+MBvy4egg7wCbe//hSsT+RvDAG7s81tAvpL2XAE4w==",
      "cpu": [
        "ppc64"
      ],
      "dev": true,
      "license": "MIT",
      "optional": true,
      "os": [
        "linux"
      ],
      "engines": {
        "node": ">=12"
      }
    },
    "node_modules/@esbuild/linux-riscv64": {
      "version": "0.21.5",
      "resolved": "https://registry.npmjs.org/@esbuild/linux-riscv64/-/linux-riscv64-0.21.5.tgz",
      "integrity": "sha512-2HdXDMd9GMgTGrPWnJzP2ALSokE/0O5HhTUvWIbD3YdjME8JwvSCnNGBnTThK²È="24€‰Í¡„ÔÄÈ´ÕLÄÉ‘=i9±¥4Õµ=áIœÝ%ÈÁÁ]èá5‘Áe´ÙdÙYA­Á‰Ýiéµ‰é9	)DÁAÙÙå]dÝE¡˜åUäàå$ÀÍ™…1­œôôˆ°(€€€€€€‰‘•ØˆèÑÉÕ”°(€€€€€€‰±¥•¹Í”ˆè€‰5%Pˆ(€€€ô°(€€€€‰¹½‘•}µ½‘Õ±•Ì½Ñ¥¹å‰•¹ ˆèì(€€€€€€‰Ù•ÉÍ¥½¸ˆè€ˆÈ¸ä¸Àˆ°(€€€€€€‰É•Í½±Ù•ˆè€‰¡ÑÑÁÌè¼½É•¥ÍÑÉä¹¹Áµ©Ì¹½Éœ½Ñ¥¹å‰•¹ ¼´½Ñ¥¹å‰•¹ ´È¸ä¸À¹Ñèˆ°(€€€€€€‰¥¹Ñ•É¥Ñäˆè€‰Í¡„ÔÄÈ´À­UÙÅ]5Y…±1µ¡„Ù±ÈÑ­á¥5,Å!éXÀ½…-¹Ñ]ˆåØäØÐÅQ¹@½5ˆÝAŒÉ‰á½áE©QaÉÉåaYU=™ØÉeÅ9±±Å•œôôˆ°(€€€€€€‰‘•ØˆèÑÉÕ”°(€€€€€€‰±¥•¹Í”ˆè€‰5%Pˆ(€€€ô°(€€€€‰¹½‘•}µ½‘Õ±•Ì½Ñ¥¹å•á•Œˆèì(€€€€€€‰Ù•ÉÍ¥½¸ˆè€ˆÀ¸Ì¸Èˆ°(€€€€€€‰É•Í½±Ù•ˆè€‰¡ÑÑÁÌè¼½É•¥ÍÑÉä¹¹Áµ©Ì¹½Éœ½Ñ¥¹å•á•Œ¼´½Ñ¥¹å•á•Œ´À¸Ì¸È¹Ñèˆ°(€€€€€€‰¥¹Ñ•É¥Ñäˆè€‰Í¡„ÔÄÈµ-EEHåå8ÝHÔ­=MÝ…,ÁaE½¨ÈÉÁÝ!½Q±eÅµUÍAe½­¹=½]]™¨¼Ô½	Q5I¤ØåÉ-TÕ™™AY ÕE¥­Á])$½@Å½!ôôˆ°(€€€€€€‰‘•ØˆèÑÉÕ”°(€€€€€€‰±¥•¹Í”ˆè€‰5%Pˆ(€€€ô°(€€€€‰¹½‘•}µ½‘Õ±•Ì½Ñ¥¹åÁ½½°ˆèì(€€€€€€‰Ù•ÉÍ¥½¸ˆè€ˆÄ¸Ä¸Äˆ°(€€€€€€‰É•Í½±Ù•ˆè€‰¡ÑÑÁÌè¼½É•¥ÍÑÉä¹¹Áµ©Ì¹½Éœ½Ñ¥¹åÁ½½°¼´½Ñ¥¹åÁ½½°´Ä¸Ä¸Ä¹Ñèˆ°(€€€€€€‰¥¹Ñ•É¥Ñäˆè€‰Í¡„ÔÄÈµi‰„àÉÌàÝ%Äååaµ©¥`ÕÕi½I]ÉÀÍ=!±Ä­YÜÅ™M‘ÐÁ$¬Ð½-ÕÑÝäá	@Ñd½ä½…=I5¼ØÅDÁÙ%ˆÕ¨ÐÑÙM¼ÕA­œôôˆ°(€€€€€€‰‘•ØˆèÑÉÕ”°(€€€€€€‰±¥•¹Í”ˆè€‰5%Pˆ°(€€€€€€‰•¹¥¹•Ìˆèì(€€€€€€€€‰¹½‘”ˆè€‰xÄà¸À¸Àñð€øôÈÀ¸À¸Àˆ(€€€€€ô(€€€ô°(€€€€‰¹½‘•}µ½‘Õ±•Ì½Ñ¥¹åÉ…¥¹‰½Üˆèì(€€€€€€‰Ù•ÉÍ¥½¸ˆè€ˆÄ¸È¸Àˆ°(€€€€€€‰É•Í½±Ù•ˆè€‰¡ÑÑÁÌè¼½É•¥ÍÑÉä¹¹Áµ©Ì¹½Éœ½Ñ¥¹åÉ…¥¹‰½Ü¼´½Ñ¥¹åÉ…¥¹‰½Ü´Ä¸È¸À¹Ñèˆ°(€€€€€€‰¥¹Ñ•É¥Ñäˆè€‰Í¡„ÔÄÈµÝ•ÄÝhÕ•Q!A Ñá©`Üàä­™!™­@á‰½¥¬ÁÙ‰]éÁ‰¹‰ÍÈ½I…½¡¤½Õ5-áœáIi5a¹°Å%Ñ¤½%U!]5Í©XÝ­Dôôˆ°(€€€€€€‰‘•ØˆèÑÉÕ”°(€€€€€€‰±¥•¹Í”ˆè€‰5%Pˆ°(€€€€€€‰•¹¥¹•Ìˆèì(€€€€€€€€‰¹½‘”ˆè€ˆøôÄÐ¸À¸Àˆ(€€€€€ô(€€€ô°(€€€€‰¹½‘•}µ½‘Õ±•Ì½Ñ¥¹åÍÁäˆèì(€€€€€€‰Ù•ÉÍ¥½¸ˆè€ˆÌ¸À¸Èˆ°(€€€€€€‰É•Í½±Ù•ˆè€‰¡ÑÑÁÌè¼½É•¥ÍÑÉä¹¹Áµ©Ì¹½Éœ½Ñ¥¹åÍÁä¼´½Ñ¥¹åÍÁä´Ì¸À¸È¹Ñèˆ°(€€€€€€‰¥¹Ñ•É¥Ñäˆè€‰Í¡„ÔÄÈµ¸ÅÜá¬Å¬ÁàÑÁÈ¬åaÉ=­å‘Q•É9(Åé]<Õ9¸åÍ]!Q¬ÕÑÀá‘¡PÉàÅÕ‘ÕE•AiQiÍQÕÁ˜­àå	á)©•)¤ÜÝDôôˆ°(€€€€€€‰‘•ØˆèÑÉÕ”°(€€€€€€‰±¥•¹Í”ˆè€‰5%Pˆ°(€€€€€€‰•¹¥¹•Ìˆèì(€€€€€€€€‰¹½‘”ˆè€ˆøôÄÐ¸À¸Àˆ(€€€€€ô(€€€ô°(€€€€‰¹½‘•}µ½‘Õ±•Ì½ÑåÁ•ÍÉ¥ÁÐˆèì(€€€€€€‰Ù•ÉÍ¥½¸ˆè€ˆÔ¸ä¸Ìˆ°(€€€€€€‰É•Í½±Ù•ˆè€‰¡ÑÑÁÌè¼½É•¥ÍÑÉä¹¹Áµ©Ì¹½Éœ½ÑåÁ•ÍÉ¥ÁÐ¼´½ÑåÁ•ÍÉ¥ÁÐ´Ô¸ä¸Ì¹Ñèˆ°(€€€€€€‰¥¹Ñ•É¥Ñäˆè€‰Í¡„ÔÄÈµ©°ÅÙiéA¥¹1Èå•UÐÍ(½ÐÝXÙ9ÜåE©Ù	A‘åÍèå-™EÐÅ™EÉÉdÑÙ-E‘¥…UÁPÑ‰a±ˆÅI!¡1ÁÀáÝÑ´Ù4ÕQMÜôôˆ°(€€€€€€‰‘•ØˆèÑÉÕ”°(€€€€€€‰±¥•¹Í”ˆè€‰Á…¡”´È¸Àˆ°(€€€€€€‰‰¥¸ˆèì(€€€€€€€€‰ÑÍŒˆè€‰‰¥¸½ÑÍŒˆ°(€€€€€€€€‰ÑÍÍ•ÉÙ•Èˆè€‰‰¥¸½ÑÍÍ•ÉÙ•Èˆ(€€€€€ô°(€€€€€€‰•¹¥¹•Ìˆèì(€€€€€€€€‰¹½‘”ˆè€ˆøôÄÐ¸ÄÜˆ(€€€€€ô(€€€ô°(€€€€‰¹½‘•}µ½‘Õ±•Ì½Õ¹‘¥¤µÑåÁ•Ìˆèì(€€€€€€‰Ù•ÉÍ¥½¸ˆè€ˆØ¸ÈÄ¸Àˆ°(€€€€€€‰É•Í½±Ù•ˆè€‰¡ÑÑÁÌè¼½É•¥ÍÑÉä¹¹Áµ©Ì¹½Éœ½Õ¹‘¥¤µÑåÁ•Ì¼´½Õ¹‘¥¤µÑåÁ•Ì´Ø¸ÈÄ¸À¹Ñèˆ°(€€€€€€‰¥¹Ñ•É¥Ñäˆè€‰Í¡„ÔÄÈµ¥ÝiÅœÁEÉœåI…ØÕ Ñ¸Á4ØÑŒÍµ­HÔå(ÙÝEÀ¬ÝÑ¹$ÁÍµá…•‘…e19<ÐÑ•PÑ…Ñ		Ý©‰Q¥A5±ÐÉ5ÁPå å)Dôôˆ°(€€€€€€‰‘•ØˆèÑÉÕ”°(€€€€€€‰±¥•¹Í”ˆè€‰5%Pˆ(€€€ô°(€€€€‰¹½‘•}µ½‘Õ±•Ì½Ù¥Ñ”ˆèì(€€€€€€‰Ù•ÉÍ¥½¸ˆè€ˆÔ¸Ð¸ÈÄˆ°(€€€€€€‰É•Í½±Ù•ˆè€‰¡ÑÑÁÌè¼½É•¥ÍÑÉä¹¹Áµ©Ì¹½Éœ½Ù¥Ñ”¼´½Ù¥Ñ”´Ô¸Ð¸ÈÄ¹Ñèˆ°(€€€€€€‰¥¹Ñ•É¥Ñäˆè€‰Í¡„ÔÄÈµ¼Õ„åá-©‰ÑÕ¡dÙ	¤ÕLÌ­!Ù‰IIµ½Õ…‰]‰åUÁaaUÅÔ­9U-½I=¤å‰å=(á4Á¹!‰!e!­e%¥5±Åá­œÅ-­eµ´ÈÕMÜôôˆ°(€€€€€€‰‘•ØˆèÑÉÕ”°(€€€€€€‰±¥•¹Í”ˆè€‰5%Pˆ°(€€€€€€‰‘•Á•¹‘•¹¥•Ìˆèì(€€€€€€€€‰•Í‰Õ¥±ˆè€‰xÀ¸ÈÄ¸Ìˆ°(€€€€€€€€‰Á½ÍÑÍÌˆè€‰xà¸Ð¸ÐÌˆ°(€€€€€€€€‰É½±±ÕÀˆè€‰xÐ¸ÈÀ¸Àˆ(€€€€€ô°(€€€€€€‰‰¥¸ˆèì(€€€€€€€€‰Ù¥Ñ”ˆè€‰‰¥¸½Ù¥Ñ”¹©Ìˆ(€€€€€ô°(€€€€€€‰•¹¥¹•Ìˆèì(€€€€€€€€‰¹½‘”ˆè€‰xÄà¸À¸Àñð€øôÈÀ¸À¸Àˆ(€€€€€ô°(€€€€€€‰™Õ¹‘¥¹œˆèì(€€€€€€€€‰ÕÉ°ˆè€‰¡ÑÑÁÌè¼½¥Ñ¡Õˆ¹½´½Ù¥Ñ•©Ì½Ù¥Ñ”ýÍÁ½¹Í½ÈôÄˆ(€€€€€ô°(€€€€€€‰½ÁÑ¥½¹…±•Á•¹‘•¹¥•Ìˆèì(€€€€€€€€‰™Í•Ù•¹ÑÌˆè€‰øÈ¸Ì¸Ìˆ(€€€€€ô°(€€€€€€‰Á••É•Á•¹‘•¹¥•Ìˆèì(€€€€€€€€‰ÑåÁ•Ì½¹½‘”ˆè€‰xÄà¸À¸Àñð€øôÈÀ¸À¸Àˆ°(€€€€€€€€‰±•ÍÌˆè€ˆ¨ˆ°(€€€€€€€€‰±¥¡Ñ¹¥¹ÍÌˆè€‰xÄ¸ÈÄ¸Àˆ°(€€€€€€€€‰Í…ÍÌˆè€ˆ¨ˆ°(€€€€€€€€‰Í…ÍÌµ•µ‰•‘‘•ˆè€ˆ¨ˆ°(€€€€€€€€‰ÍÑå±ÕÌˆè€ˆ¨ˆ°(€€€€€€€€‰ÍÕ…ÉÍÌˆè€ˆ¨ˆ°(€€€€€€€€‰Ñ•ÉÍ•Èˆè€‰xÔ¸Ð¸Àˆ(€€€€€ô°(€€€€€€‰Á••É•Á•¹‘•¹¥•Í5•Ñ„ˆèì(€€€€€€€€‰ÑåÁ•Ì½¹½‘”ˆèì(€€€€€€€€€€‰½ÁÑ¥½¹…°ˆèÑÉÕ”(€€€€€€€ô°(€€€€€€€€‰±•ÍÌˆèì(€€€€€€€€€€‰½ÁÑ¥½¹…°ˆèÑÉÕ”(€€€€€€€ô°(€€€€€€€€‰±¥¡Ñ¹¥¹ÍÌˆèì(€€€€€€€€€€‰½ÁÑ¥½¹…°ˆèÑÉÕ”(€€€€€€€ô°(€€€€€€€€‰Í…ÍÌˆèì(€€€€€€€€€€‰½ÁÑ¥½¹…°ˆèÑÉÕ”(€€€€€€€ô°(€€€€€€€€‰Í…ÍÌµ•µ‰•‘‘•ˆèì(€€€€€€€€€€‰½ÁÑ¥½¹…°ˆèÑÉÕ”(€€€€€€€ô°(€€€€€€€€‰ÍÑå±ÕÌˆèì(€€€€€€€€€€‰½ÁÑ¥½¹…°ˆèÑÉÕ”(€€€€€€€ô°(€€€€€€€€‰ÍÕ…ÉÍÌˆèì(€€€€€€€€€€‰½ÁÑ¥½¹…°ˆèÑÉÕ”(€€€€€€€ô°(€€€€€€€€‰Ñ•ÉÍ•Èˆèì(€€€€€€€€€€‰½ÁÑ¥½¹…°ˆèÑÉÕ”(€€€€€€€ô(€€€€€ô(€€€ô°(€€€€‰¹½‘•}µ½‘Õ±•Ì½Ù¥Ñ”µ¹½‘”ˆèì(€€€€€€‰Ù•ÉÍ¥½¸ˆè€ˆÈ¸Ä¸äˆ°(€€€€€€‰É•Í½±Ù•ˆè€‰¡ÑÑÁÌè¼½É•¥ÍÑÉä¹¹Áµ©Ì¹½Éœ½Ù¥Ñ”µ¹½‘”¼´½Ù¥Ñ”µ¹½‘”´È¸Ä¸ä¹Ñèˆ°(€€€€€€‰¥¹Ñ•É¥Ñäˆè€‰Í¡„ÔÄÈµ4å…D½%AÉ\¼Ù91EœÍdÑ,Å8ÉQi‘HÕ”ÑÔ½5µµHÉáHÍ1°Ä­‘¥ˆ­¹½½¬äÉœÑQXÍAaYå•áá‘]ÝÑ…¥U0Á¡5áôôˆ°(€€€€€€‰‘•ØˆèÑÉÕ”°(€€€€€€‰±¥•¹Í”ˆè€‰5%Pˆ°(€€€€€€‰‘•Á•¹‘•¹¥•Ìˆèì(€€€€€€€€‰…Œˆè€‰xØ¸Ü¸ÄÐˆ°(€€€€€€€€‰‘•‰Õœˆè€‰xÐ¸Ì¸Üˆ°(€€€€€€€€‰•Ìµµ½‘Õ±”µ±•á•Èˆè€‰xÄ¸Ô¸Ðˆ°(€€€€€€€€‰Á…Ñ¡”ˆè€‰xÄ¸Ä¸Èˆ°(€€€€€€€€‰Ù¥Ñ”ˆè€‰xÔ¸À¸Àˆ(€€€€€ô°(€€€€€€‰‰¥¸ˆèì(€€€€€€€€‰Ù¥Ñ”µ¹½‘”ˆè€‰Ù¥Ñ”µ¹½‘”¹µ©Ìˆ(€€€€€ô°(€€€€€€‰•¹¥¹•Ìˆèì(€€€€€€€€‰¹½‘”ˆè€‰xÄà¸À¸Àñð€øôÈÀ¸À¸Àˆ(€€€€€ô°(€€€€€€‰™Õ¹‘¥¹œˆèì(€€€€€€€€‰ÕÉ°ˆè€‰¡ÑÑÁÌè¼½½Á•¹½±±•Ñ¥Ù”¹½´½Ù¥Ñ•ÍÐˆ(€€€€€ô(€€€ô°(€€€€‰¹½‘•}µ½‘Õ±•Ì½Ù¥Ñ•ÍÐˆèì(€€€€€€‰Ù•ÉÍ¥½¸ˆè€ˆÈ¸Ä¸äˆ°(€€€€€€‰É•Í½±Ù•ˆè€‰¡ÑÑÁÌè¼½É•¥ÍÑÉä¹¹Áµ©Ì¹½Éœ½Ù¥Ñ•ÍÐ¼´½Ù¥Ñ•ÍÐ´È¸Ä¸ä¹Ñèˆ°(€€€€€€‰¥¹Ñ•É¥Ñäˆè€‰Í¡„ÔÄÈµ5MµA4åIeÅ	$àÐÌåµÑµ]¡XÕÍ-µ±	-]%e‰Í±IˆÉAQ!Áµ-ÝáåDÉáÄåÙáQÕ¬Ñ¥AÉ	\É…½adÁDôôˆ°(€€€€€€‰‘•ØˆèÑÉÕ”°(€€€€€€‰±¥•¹Í”ˆè€‰5%Pˆ°(€€€€€€‰‘•Á•¹‘•¹¥•Ìˆèì(€€€€€€€€‰Ù¥Ñ•ÍÐ½•áÁ•Ðˆè€ˆÈ¸Ä¸äˆ°(€€€€€€€€‰Ù¥Ñ•ÍÐ½µ½­•Èˆè€ˆÈ¸Ä¸äˆ°(€€€€€€€€‰Ù¥Ñ•ÍÐ½ÁÉ•ÑÑäµ™½Éµ…Ðˆè€‰xÈ¸Ä¸äˆ°(€€€€€€€€‰Ù¥Ñ•ÍÐ½ÉÕ¹¹•Èˆè€ˆÈ¸Ä¸äˆ°(€€€€€€€€‰Ù¥Ñ•ÍÐ½Í¹…ÁÍ¡½Ðˆè€ˆÈ¸Ä¸äˆ°(€€€€€€€€‰Ù¥Ñ•ÍÐ½ÍÁäˆè€ˆÈ¸Ä¸äˆ°(€€€€€€€€‰Ù¥Ñ•ÍÐ½ÕÑ¥±Ìˆè€ˆÈ¸Ä¸äˆ°(€€€€€€€€‰¡…¤ˆè€‰xÔ¸Ä¸Èˆ°(€€€€€€€€‰‘•‰Õœˆè€‰xÐ¸Ì¸Üˆ°(€€€€€€€€‰•áÁ•ÐµÑåÁ”ˆè€‰xÄ¸Ä¸Àˆ°(€€€€€€€€‰µ…¥ŒµÍÑÉ¥¹œˆè€‰xÀ¸ÌÀ¸ÄÈˆ°(€€€€€€€€‰Á…Ñ¡”ˆè€‰xÄ¸Ä¸Èˆ°(€€€€€€€€‰ÍÑµ•¹Øˆè€‰xÌ¸à¸Àˆ°(€€€€€€€€‰Ñ¥¹å‰•¹ ˆè€‰xÈ¸ä¸Àˆ°(€€€€€€€€‰Ñ¥¹å•á•Œˆè€‰xÀ¸Ì¸Äˆ°(€€€€€€€€‰Ñ¥¹åÁ½½°ˆè€‰xÄ¸À¸Äˆ°(€€€€€€€€‰Ñ¥¹åÉ…¥¹‰½Üˆè€‰xÄ¸È¸Àˆ°(€€€€€€€€‰Ù¥Ñ”ˆè€‰xÔ¸À¸Àˆ°(€€€€€€€€‰Ù¥Ñ”µ¹½‘”ˆè€ˆÈ¸Ä¸äˆ°(€€€€€€€€‰Ý¡äµ¥Ìµ¹½‘”µÉÕ¹¹¥¹œˆè€‰xÈ¸Ì¸Àˆ(€€€€€ô°(€€€€€€‰‰¥¸ˆèì(€€€€€€€€‰Ù¥Ñ•ÍÐˆè€‰Ù¥Ñ•ÍÐ¹µ©Ìˆ(€€€€€ô°(€€€€€€‰•¹¥¹•Ìˆèì(€€€€€€€€‰¹½‘”ˆè€‰xÄà¸À¸Àñð€øôÈÀ¸À¸Àˆ(€€€€€ô°(€€€€€€‰™Õ¹‘¥¹œˆèì(€€€€€€€€‰ÕÉ°ˆè€‰¡ÑÑÁÌè¼½½Á•¹½±±•Ñ¥Ù”¹½´½Ù¥Ñ•ÍÐˆ(€€€€€ô°(€€€€€€‰Á••É•Á•¹‘•¹¥•Ìˆèì(€€€€€€€€‰•‘”µÉÕ¹Ñ¥µ”½Ù´ˆè€ˆ¨ˆ°(€€€€€€€€‰ÑåÁ•Ì½¹½‘”ˆè€‰xÄà¸À¸Àñð€øôÈÀ¸À¸Àˆ°(€€€€€€€€‰Ù¥Ñ•ÍÐ½‰É½ÝÍ•Èˆè€ˆÈ¸Ä¸äˆ°(€€€€€€€€‰Ù¥Ñ•ÍÐ½Õ¤ˆè€ˆÈ¸Ä¸äˆ°(€€€€€€€€‰¡…ÁÁäµ‘½´ˆè€ˆ¨ˆ°(€€€€€€€€‰©Í‘½´ˆè€ˆ¨ˆ(€€€€€ô°(€€€€€€‰Á••É•Á•¹‘•¹¥•Í5•Ñ„ˆèì(€€€€€€€€‰•‘”µÉÕ¹Ñ¥µ”½Ù´ˆèì(€€€€€€€€€€‰½ÁÑ¥½¹…°ˆèÑÉÕ”(€€€€€€€ô°(€€€€€€€€‰ÑåÁ•Ì½¹½‘”ˆèì(€€€€€€€€€€‰½ÁÑ¥½¹…°ˆèÑÉÕ”(€€€€€€€ô°(€€€€€€€€‰Ù¥Ñ•ÍÐ½‰É½ÝÍ•Èˆèì(€€€€€€€€€€‰½ÁÑ¥½¹…°ˆèÑÉÕ”(€€€€€€€ô°(€€€€€€€€‰Ù¥Ñ•ÍÐ½Õ¤ˆèì(€€€€€€€€€€‰½ÁÑ¥½¹…°ˆèÑÉÕ”(€€€€€€€ô°(€€€€€€€€‰¡…ÁÁäµ‘½´ˆèì(€€€€€€€€€€‰½ÁÑ¥½¹…°ˆèÑÉÕ”(€€€€€€€ô°(€€€€€€€€‰©Í‘½´ˆèì(€€€€€€€€€€‰½ÁÑ¥½¹…°ˆèÑÉÕ”(€€€€€€€ô(€€€€€ô(€€€ô°(€€€€‰¹½‘•}µ½‘Õ±•Ì½Ý¡äµ¥Ìµ¹½‘”µÉÕ¹¹¥¹œˆèì(€€€€€€‰Ù•ÉÍ¥½¸ˆè€ˆÈ¸Ì¸Àˆ°(€€€€€€‰É•Í½±Ù•ˆè€‰¡ÑÑÁÌè¼½É•¥ÍÑÉä¹¹Áµ©Ì¹½Éœ½Ý¡äµ¥Ìµ¹½‘”µÉÕ¹¹¥¹œ¼´½Ý¡äµ¥Ìµ¹½‘”µÉÕ¹¹¥¹œ´È¸Ì¸À¹Ñèˆ°(€€€€€€‰¥¹Ñ•É¥Ñäˆè€‰Í¡„ÔÄÈµ¡UÉµ…]	‘YáÙeÅ¹å ÀåéÕ¹-éI=]©‰iQ¥9äá‘	©­LÝ•¡E¥‰a(ÝaÙ±µÑ‰ÝÕQ±U¥%å8­åaEÑYµ­¼á™9´áÜôôˆ°(€€€€€€‰‘•ØˆèÑÉÕ”°(€€€€€€‰±¥•¹Í”ˆè€‰5%Pˆ°(€€€€€€‰‘•Á•¹‘•¹¥•Ìˆèì(€€€€€€€€‰Í¥¥¹™¼ˆè€‰xÈ¸À¸Àˆ°(€€€€€€€€‰ÍÑ…­‰…¬ˆè€ˆÀ¸À¸Èˆ(€€€€€ô°(€€€€€€‰‰¥¸ˆèì(€€€€€€€€‰Ý¡äµ¥Ìµ¹½‘”µÉÕ¹¹¥¹œˆè€‰±¤¹©Ìˆ(€€€€€ô°(€€€€€€‰•¹¥¹•Ìˆèì(€€€€€€€€‰¹½‘”ˆè€ˆøôàˆ(€€€€€ô(€€€ô°(€€€€‰¹½‘•}µ½‘Õ±•Ì½é½ˆèì(€€€€€€‰Ù•ÉÍ¥½¸ˆè€ˆÌ¸ÈÔ¸ÜØˆ°(€€€€€€‰É•Í½±Ù•ˆè€‰¡ÑÑÁÌè¼½É•¥ÍÑÉä¹¹Áµ©Ì¹½Éœ½é½¼´½é½´Ì¸ÈÔ¸ÜØ¹Ñèˆ°(€€€€€€‰¥¹Ñ•É¥Ñäˆè€‰Í¡„ÔÄÈµéUÐ½ÅÐàÅ¹aÍ-%Íe¹™àÕ9­Õ¹™¹±ÙÕ	MMLÀÉ‰aÔÑ1µ•„Á%UÝ‰1]á]AàÍåÀáLÕE½…Õ©-9EáDôôˆ°(€€€€€€‰±¥•¹Í”ˆè€‰5%Pˆ°(€€€€€€‰™Õ¹‘¥¹œˆèì(€€€€€€€€‰ÕÉ°ˆè€‰¡ÑÑÁÌè¼½¥Ñ¡Õˆ¹½´½ÍÁ½¹Í½ÉÌ½½±¥¹¡…­Ìˆ(€€€€€ô(€€€ô(€ô)ô(